
Microsoft Visual Studio Solution File, Format Version 12.00
# Visual Studio 15
VisualStudioVersion = 15.0.28010.2019
MinimumVisualStudioVersion = 10.0.40219.1
Project("{FAE04EC0-301F-11D3-BF4B-00C04F79EFBC}") = "DoHC2Runner", "DoHC2Runner\DoHC2Runner.csproj", "{9877A948-2142-4094-98DE-E0FBB1BC4062}"
EndProject
Global
	GlobalSection(SolutionConfigurationPlatforms) = preSolution
		Debug|Any CPU = Debug|Any CPU
		Release|Any CPU = Release|Any CPU
	EndGlobalSection
	GlobalSection(ProjectConfigurationPlatforms) = postSolution
		{9877A948-2142-4094-98DE-E0FBB1BC4062}.Debug|Any CPU.ActiveCfg = Debug|Any CPU
		{9877A948-2142-4094-98DE-E0FBB1BC4062}.Debug|Any CPU.Build.0 = Debug|Any CPU
		{9877A948-2142-4094-98DE-E0FBB1BC4062}.Release|Any CPU.ActiveCfg = Release|Any CPU
		{9877A948-2142-4094-98DE-E0FBB1BC4062}.Release|Any CPU.Build.0 = Release|Any CPU
	EndGlobalSection
	GlobalSection(SolutionProperties) = preSolution
		HideSolutionNode = FALSE
	EndGlobalSection
	GlobalSection(ExtensibilityGlobals) = postSolution
		SolutionGuid = {271257F5-6D1D-400E-93FD-4DBE8F4201E8}
	EndGlobalSection
EndGlobal
